
Microsoft Visual Studio Solution File, Format Version 12.00
# Visual Studio 15
VisualStudioVersion = 15.0.26124.0
MinimumVisualStudioVersion = 15.0.26124.0
Project("{FAE04EC0-301F-11D3-BF4B-00C04F79EFBC}") = "ProAgil.WebApi", "ProAgil.WebApi\ProAgil.WebApi.csproj", "{BC729DFE-A884-478B-9885-C18123F8906C}"
EndProject
Project("{FAE04EC0-301F-11D3-BF4B-00C04F79EFBC}") = "ProAgil.Repository", "ProAgil.Repository\ProAgil.Repository.csproj", "{DC24DAD3-FDDC-4723-B1D4-4C3907C1313E}"
EndProject
Project("{FAE04EC0-301F-11D3-BF4B-00C04F79EFBC}") = "ProAgil.Domain", "ProAgil.Domain\ProAgil.Domain.csproj", "{5C66F1C5-B4C4-4622-AFE7-2F8D9600A15F}"
EndProject
Global
	GlobalSection(SolutionConfigurationPlatforms) = preSolution
		Debug|Any CPU = Debug|Any CPU
		Debug|x64 = Debug|x64
		Debug|x86 = Debug|x86
		Release|Any CPU = Release|Any CPU
		Release|x64 = Release|x64
		Release|x86 = Release|x86
	EndGlobalSection
	GlobalSection(SolutionProperties) = preSolution
		HideSolutionNode = FALSE
	EndGlobalSection
	GlobalSection(ProjectConfigurationPlatforms) = postSolution
		{BC729DFE-A884-478B-9885-C18123F8906C}.Debug|Any CPU.ActiveCfg = Debug|Any CPU
		{BC729DFE-A884-478B-9885-C18123F8906C}.Debug|Any CPU.Build.0 = Debug|Any CPU
		{BC729DFE-A884-478B-9885-C18123F8906C}.Debug|x64.ActiveCfg = Debug|Any CPU
		{BC729DFE-A884-478B-9885-C18123F8906C}.Debug|x64.Build.0 = Debug|Any CPU
		{BC729DFE-A884-478B-9885-C18123F8906C}.Debug|x86.ActiveCfg = Debug|Any CPU
		{BC729DFE-A884-478B-9885-C18123F8906C}.Debug|x86.Build.0 = Debug|Any CPU
		{BC729DFE-A884-478B-9885-C18123F8906C}.Release|Any CPU.ActiveCfg = Release|Any CPU
		{BC729DFE-A884-478B-9885-C18123F8906C}.Release|Any CPU.Build.0 = Release|Any CPU
		{BC729DFE-A884-478B-9885-C18123F8906C}.Release|x64.ActiveCfg = Release|Any CPU
		{BC729DFE-A884-478B-9885-C18123F8906C}.Release|x64.Build.0 = Release|Any CPU
		{BC729DFE-A884-478B-9885-C18123F8906C}.Release|x86.ActiveCfg = Release|Any CPU
		{BC729DFE-A884-478B-9885-C18123F8906C}.Release|x86.Build.0 = Release|Any CPU
		{DC24DAD3-FDDC-4723-B1D4-4C3907C1313E}.Debug|Any CPU.ActiveCfg = Debug|Any CPU
		{DC24DAD3-FDDC-4723-B1D4-4C3907C1313E}.Debug|Any CPU.Build.0 = Debug|Any CPU
		{DC24DAD3-FDDC-4723-B1D4-4C3907C1313E}.Debug|x64.ActiveCfg = Debug|Any CPU
		{DC24DAD3-FDDC-4723-B1D4-4C3907C1313E}.Debug|x64.Build.0 = Debug|Any CPU
		{DC24DAD3-FDDC-4723-B1D4-4C3907C1313E}.Debug|x86.ActiveCfg = Debug|Any CPU
		{DC24DAD3-FDDC-4723-B1D4-4C3907C1313E}.Debug|x86.Build.0 = Debug|Any CPU
		{DC24DAD3-FDDC-4723-B1D4-4C3907C1313E}.Release|Any CPU.ActiveCfg = Release|Any CPU
		{DC24DAD3-FDDC-4723-B1D4-4C3907C1313E}.Release|Any CPU.Build.0 = Release|Any CPU
		{DC24DAD3-FDDC-4723-B1D4-4C3907C1313E}.Release|x64.ActiveCfg = Release|Any CPU
		{DC24DAD3-FDDC-4723-B1D4-4C3907C1313E}.Release|x64.Build.0 = Release|Any CPU
		{DC24DAD3-FDDC-4723-B1D4-4C3907C1313E}.Release|x86.ActiveCfg = Release|Any CPU
		{DC24DAD3-FDDC-4723-B1D4-4C3907C1313E}.Release|x86.Build.0 = Release|Any CPU
		{5C66F1C5-B4C4-4622-AFE7-2F8D9600A15F}.Debug|Any CPU.ActiveCfg = Debug|Any CPU
		{5C66F1C5-B4C4-4622-AFE7-2F8D9600A15F}.Debug|Any CPU.Build.0 = Debug|Any CPU
		{5C66F1C5-B4C4-4622-AFE7-2F8D9600A15F}.Debug|x64.ActiveCfg = Debug|Any CPU
		{5C66F1C5-B4C4-4622-AFE7-2F8D9600A15F}.Debug|x64.Build.0 = Debug|Any CPU
		{5C66F1C5-B4C4-4622-AFE7-2F8D9600A15F}.Debug|x86.ActiveCfg = Debug|Any CPU
		{5C66F1C5-B4C4-4622-AFE7-2F8D9600A15F}.Debug|x86.Build.0 = Debug|Any CPU
		{5C66F1C5-B4C4-4622-AFE7-2F8D9600A15F}.Release|Any CPU.ActiveCfg = Release|Any CPU
		{5C66F1C5-B4C4-4622-AFE7-2F8D9600A15F}.Release|Any CPU.Build.0 = Release|Any CPU
		{5C66F1C5-B4C4-4622-AFE7-2F8D9600A15F}.Release|x64.ActiveCfg = Release|Any CPU
		{5C66F1C5-B4C4-4622-AFE7-2F8D9600A15F}.Release|x64.Build.0 = Release|Any CPU
		{5C66F1C5-B4C4-4622-AFE7-2F8D9600A15F}.Release|x86.ActiveCfg = Release|Any CPU
		{5C66F1C5-B4C4-4622-AFE7-2F8D9600A15F}.Release|x86.Build.0 = Release|Any CPU
	EndGlobalSection
EndGlobal
